
Microsoft Visual Studio Solution File, Format Version 12.00
# Visual Studio Version 17
VisualStudioVersion = 17.3.32929.385
MinimumVisualStudioVersion = 10.0.40219.1
Project("{9A19103F-16F7-4668-BE54-9A1E7A4F7556}") = "EmployeeIMSApp", "EmployeeIMSApp.csproj", "{FCEABEB2-26CB-448D-9BC5-A31551A6053F}"
EndProject
Global
	GlobalSection(SolutionConfigurationPlatforms) = preSolution
		Debug|Any CPU = Debug|Any CPU
		Release|Any CPU = Release|Any CPU
	EndGlobalSection
	GlobalSection(ProjectConfigurationPlatforms) = postSolution
		{FCEABEB2-26CB-448D-9BC5-A31551A6053F}.Debug|Any CPU.ActiveCfg = Debug|Any CPU
		{FCEABEB2-26CB-448D-9BC5-A31551A6053F}.Debug|Any CPU.Build.0 = Debug|Any CPU
		{FCEABEB2-26CB-448D-9BC5-A31551A6053F}.Release|Any CPU.ActiveCfg = Release|Any CPU
		{FCEABEB2-26CB-448D-9BC5-A31551A6053F}.Release|Any CPU.Build.0 = Release|Any CPU
	EndGlobalSection
	GlobalSection(SolutionProperties) = preSolution
		HideSolutionNode = FALSE
	EndGlobalSection
	GlobalSection(ExtensibilityGlobals) = postSolution
		SolutionGuid = {FFD635E0-4196-4F11-97E8-9F41D51C801F}
	EndGlobalSection
EndGlobal
